// !$*UTF8*$!
{
	archiveVersion = 1;
	classes = {
	};
	objectVersion = 46;
	objects = {

/* Begin PBXBuildFile section */
		C03284EA19FF2DF300ECBF9C /* AppDelegate.swift in Sources */ = {isa = PBXBuildFile; fileRef = C03284E919FF2DF300ECBF9C /* AppDelegate.swift */; };
		C03284EC19FF2DF300ECBF9C /* ViewController.swift in Sources */ = {isa = PBXBuildFile; fileRef = C03284EB19FF2DF300ECBF9C /* ViewController.swift */; };
		C03284EF19FF2DF300ECBF9C /* Main.storyboard in Resources */ = {isa = PBXBuildFile; fileRef = C03284ED19FF2DF300ECBF9C /* Main.storyboard */; };
		C03284F119FF2DF300ECBF9C /* Images.xcassets in Resources */ = {isa = PBXBuildFile; fileRef = C03284F019FF2DF300ECBF9C /* Images.xcassets */; };
		C03284F419FF2DF300ECBF9C /* LaunchScreen.xib in Resources */ = {isa = PBXBuildFile; fileRef = C03284F219FF2DF300ECBF9C /* LaunchScreen.xib */; };
		C032850019FF2DF300ECBF9C /* _9RedBalloonsTests.swift in Sources */ = {isa = PBXBuildFile; fileRef = C03284FF19FF2DF300ECBF9C /* _9RedBalloonsTests.swift */; };
		C032850A19FF2F7F00ECBF9C /* Balloon.swift in Sources */ = {isa = PBXBuildFile; fileRef = C032850919FF2F7F00ECBF9C /* Balloon.swift */; };
		C032851019FF366C00ECBF9C /* BerlinTVTower.jpg in Resources */ = {isa = PBXBuildFile; fileRef = C032850B19FF366C00ECBF9C /* BerlinTVTower.jpg */; };
		C032851119FF366C00ECBF9C /* RedBalloon1.jpg in Resources */ = {isa = PBXBuildFile; fileRef = C032850C19FF366C00ECBF9C /* RedBalloon1.jpg */; };
		C032851219FF366C00ECBF9C /* RedBalloon2.jpg in Resources */ = {isa = PBXBuildFile; fileRef = C032850D19FF366C00ECBF9C /* RedBalloon2.jpg */; };
		C032851319FF366C00ECBF9C /* RedBalloon3.jpg in Resources */ = {isa = PBXBuildFile; fileRef = C032850E19FF366C00ECBF9C /* RedBalloon3.jpg */; };
		C032851419FF366C00ECBF9C /* RedBalloon4.jpg in Resources */ = {isa = PBXBuildFile; fileRef = C032850F19FF366C00ECBF9C /* RedBalloon4.jpg */; };
/* End PBXBuildFile section */

/* Begin PBXContainerItemProxy section */
		C03284FA19FF2DF300ECBF9C /* PBXContainerItemProxy */ = {
			isa = PBXContainerItemProxy;
			containerPortal = C03284DC19FF2DF300ECBF9C /* Project object */;
			proxyType = 1;
			remoteGlobalIDString = C03284E319FF2DF300ECBF9C;
			remoteInfo = 99RedBalloons;
		};
/* End PBXContainerItemProxy section */

/* Begin PBXFileReference section */
		C03284E419FF2DF300ECBF9C /* 99RedBalloons.app */ = {isa = PBXFileReference; explicitFileType = wrapper.application; includeInIndex = 0; path = 99RedBalloons.app; sourceTree = BUILT_PRODUCTS_DIR; };
		C03284E819FF2DF300ECBF9C /* Info.plist */ = {isa = PBXFileReference; lastKnownFileType = text.plist.xml; path = Info.plist; sourceTree = "<group>"; };
		C03284E919FF2DF300ECBF9C /* AppDelegate.swift */ = {isa = PBXFileReference; lastKnownFileType = sourcecode.swift; path = AppDelegate.swift; sourceTree = "<group>"; };
		C03284EB19FF2DF300ECBF9C /* ViewController.swift */ = {isa = PBXFileReference; lastKnownFileType = sourcecode.swift; path = ViewController.swift; sourceTree = "<group>"; };
		C03284EE19FF2DF300ECBF9C /* Base */ = {isa = PBXFileReference; lastKnownFileType = file.storyboard; name = Base; path = Base.lproj/Main.storyboard; sourceTree = "<group>"; };
		C03284F019FF2DF300ECBF9C /* Images.xcassets */ = {isa = PBXFileReference; lastKnownFileType = folder.assetcatalog; path = Images.xcassets; sourceTree = "<group>"; };
		C03284F319FF2DF300ECBF9C /* Base */ = {isa = PBXFileReference; lastKnownFileType = file.xib; name = Base; path = Base.lproj/LaunchScreen.xib; sourceTree = "<group>"; };
		C03284F919FF2DF300ECBF9C /* 99RedBalloonsTests.xctest */ = {isa = PBXFileReference; explicitFileType = wrapper.cfbundle; includeInIndex = 0; path = 99RedBalloonsTests.xctest; sourceTree = BUILT_PRODUCTS_DIR; };
		C03284FE19FF2DF300ECBF9C /* Info.plist */ = {isa = PBXFileReference; lastKnownFileType = text.plist.xml; path = Info.plist; sourceTree = "<group>"; };
		C03284FF19FF2DF300ECBF9C /* _9RedBalloonsTests.swift */ = {isa = PBXFileReference; lastKnownFileType = sourcecode.swift; path = _9RedBalloonsTests.swift; sourceTree = "<group>"; };
		C032850919FF2F7F00ECBF9C /* Balloon.swift */ = {isa = PBXFileReference; fileEncoding = 4; lastKnownFileType = sourcecode.swift; path = Balloon.swift; sourceTree = "<group>"; };
		C032850B19FF366C00ECBF9C /* BerlinTVTower.jpg */ = {isa = PBXFileReference; lastKnownFileType = image.jpeg; path = BerlinTVTower.jpg; sourceTree = "<group>"; };
		C032850C19FF366C00ECBF9C /* RedBalloon1.jpg */ = {isa = PBXFileReference; lastKnownFileType = image.jpeg; path = RedBalloon1.jpg; sourceTree = "<group>"; };
		C032850D19FF366C00ECBF9C /* RedBalloon2.jpg */ = {isa = PBXFileReference; lastKnownFileType = image.jpeg; path = RedBalloon2.jpg; sourceTree = "<group>"; };
		C032850E19FF366C00ECBF9C /* RedBalloon3.jpg */ = {isa = PBXFileReference; lastKnownFileType = image.jpeg; path = RedBalloon3.jpg; sourceTree = "<group>"; };
		C032850F19FF366C00ECBF9C /* RedBalloon4.jpg */ = {isa = PBXFileReference; lastKnownFileType = image.jpeg; path = RedBalloon4.jpg; sourceTree = "<group>"; };
/* End PBXFileReference section */

/* Begin PBXFrameworksBuildPhase section */
		C03284E119FF2DF300ECBF9C /* Frameworks */ = {
			isa = PBXFrameworksBuildPhase;
			buildActionMask = 2147483647;
			files = (
			);
			runOnlyForDeploymentPostprocessing = 0;
		};
		C03284F619FF2DF300ECBF9C /* Frameworks */ = {
			isa = PBXFrameworksBuildPhase;
			buildActionMask = 2147483647;
			files = (
			);
			runOnlyForDeploymentPostprocessing = 0;
		};
/* End PBXFrameworksBuildPhase section */

/* Begin PBXGroup section */
		C03284DB19FF2DF300ECBF9C = {
			isa = PBXGroup;
			children = (
				C03284E619FF2DF300ECBF9C /* 99RedBalloons */,
				C03284FC19FF2DF300ECBF9C /* 99RedBalloonsTests */,
				C03284E519FF2DF300ECBF9C /* Products */,
			);
			sourceTree = "<group>";
		};
		C03284E519FF2DF300ECBF9C /* Products */ = {
			isa = PBXGroup;
			children = (
				C03284E419FF2DF300ECBF9C /* 99RedBalloons.app */,
				C03284F919FF2DF300ECBF9C /* 99RedBalloonsTests.xctest */,
			);
			name = Products;
			sourceTree = "<group>";
		};
		C03284E619FF2DF300ECBF9C /* 99RedBalloons */ = {
			isa = PBXGroup;
			children = (
				C03284E919FF2DF300ECBF9C /* AppDelegate.swift */,
				C03284EB19FF2DF300ECBF9C /* ViewController.swift */,
				C03284ED19FF2DF300ECBF9C /* Main.storyboard */,
				C032850919FF2F7F00ECBF9C /* Balloon.swift */,
				C03284F019FF2DF300ECBF9C /* Images.xcassets */,
				C03284F219FF2DF300ECBF9C /* LaunchScreen.xib */,
				C03284E719FF2DF300ECBF9C /* Supporting Files */,
			);
			path = 99RedBalloons;
			sourceTree = "<group>";
		};
		C03284E719FF2DF300ECBF9C /* Supporting Files */ = {
			isa = PBXGroup;
			children = (
				C032850B19FF366C00ECBF9C /* BerlinTVTower.jpg */,
				C032850C19FF366C00ECBF9C /* RedBalloon1.jpg */,
				C032850D19FF366C00ECBF9C /* RedBalloon2.jpg */,
				C032850E19FF366C00ECBF9C /* RedBalloon3.jpg */,
				C032850F19FF366C00ECBF9C /* RedBalloon4.jpg */,
				C03284E819FF2DF300ECBF9C /* Info.plist */,
			);
			name = "Supporting Files";
			sourceTree = "<group>";
		};
		C03284FC19FF2DF300ECBF9C /* 99RedBalloonsTests */ = {
			isa = PBXGroup;
			children = (
				C03284FF19FF2DF300ECBF9C /* _9RedBalloonsTests.swift */,
				C03284FD19FF2DF300ECBF9C /* Supporting Files */,
			);
			path = 99RedBalloonsTests;
			sourceTree = "<group>";
		};
		C03284FD19FF2DF300ECBF9C /* Supporting Files */ = {
			isa = PBXGroup;
			children = (
				C03284FE19FF2DF300ECBF9C /* Info.plist */,
			);
			name = "Supporting Files";
			sourceTree = "<group>";
		};
/* End PBXGroup section */

/* Begin PBXNativeTarget section */
		C03284E319FF2DF300ECBF9C /* 99RedBalloons */ = {
			isa = PBXNativeTarget;
			buildConfigurationList = C032850319FF2DF300ECBF9C /* Build configuration list for PBXNativeTarget "99RedBalloons" */;
			buildPhases = (
				C03284E019FF2DF300ECBF9C /* Sources */,
				C03284E119FF2DF300ECBF9C /* Frameworks */,
				C03284E219FF2DF300ECBF9C /* Resources */,
			);
			buildRules = (
			);
			dependencies = (
			);
			name = 99RedBalloons;
			productName = 99RedBalloons;
			productReference = C03284E419FF2DF300ECBF9C /* 99RedBalloons.app */;
			productType = "com.apple.product-type.application";
		};
		C03284F819FF2DF300ECBF9C /* 99RedBalloonsTests */ = {
			isa = PBXNativeTarget;
			buildConfigurationList = C032850619FF2DF300ECBF9C /* Build configuration list for PBXNativeTarget "99RedBalloonsTests" */;
			buildPhases = (
				C03284F519FF2DF300ECBF9C /* Sources */,
				C03284F619FF2DF300ECBF9C /* Frameworks */,
				C03284F719FF2DF300ECBF9C /* Resources */,
			);
			buildRules = (
			);
			dependencies = (
				C03284FB19FF2DF300ECBF9C /* PBXTargetDependency */,
			);
			name = 99RedBalloonsTests;
			productName = 99RedBalloonsTests;
			productReference = C03284F919FF2DF300ECBF9C /* 99RedBalloonsTests.xctest */;
			productType = "com.apple.product-type.bundle.unit-test";
		};
/* End PBXNativeTarget section */

/* Begin PBXProject section */
		C03284DC19FF2DF300ECBF9C /* Project object */ = {
			isa = PBXProject;
			attributes = {
				LastUpgradeCheck = 0600;
				ORGANIZATIONNAME = "Lavvo Group";
				TargetAttributes = {
					C03284E319FF2DF300ECBF9C = {
						CreatedOnToolsVersion = 6.0;
					};
					C03284F819FF2DF300ECBF9C = {
						CreatedOnToolsVersion = 6.0;
						TestTargetID = C03284E319FF2DF300ECBF9C;
					};
				};
			};
			buildConfigurationList = C03284DF19FF2DF300ECBF9C /* Build configuration list for PBXProject "99RedBalloons" */;
			compatibilityVersion = "Xcode 3.2";
			developmentRegion = English;
			hasScannedForEncodings = 0;
			knownRegions = (
				en,
				Base,
			);
			mainGroup = C03284DB19FF2DF300ECBF9C;
			productRefGroup = C03284E519FF2DF300ECBF9C /* Products */;
			projectDirPath = "";
			projectRoot = "";
			targets = (
				C03284E319FF2DF300ECBF9C /* 99RedBalloons */,
				C03284F819FF2DF300ECBF9C /* 99RedBalloonsTests */,
			);
		};
/* End PBXProject section */

/* Begin PBXResourcesBuildPhase section */
		C03284E219FF2DF300ECBF9C /* Resources */ = {
			isa = PBXResourcesBuildPhase;
			buildActionMask = 2147483647;
			files = (
				C032851219FF366C00ECBF9C /* RedBalloon2.jpg in Resources */,
				C03284EF19FF2DF300ECBF9C /* Main.storyboard in Resources */,
				C032851319FF366C00ECBF9C /* RedBalloon3.jpg in Resources */,
				C03284F419FF2DF300ECBF9C /* LaunchScreen.xib in Resources */,
				C032851419FF366C00ECBF9C /* RedBalloon4.jpg in Resources */,
				C03284F119FF2DF300ECBF9C /* Images.xcassets in Resources */,
				C032851119FF366C00ECBF9C /* RedBalloon1.jpg in Resources */,
				C032851019FF366C00ECBF9C /* BerlinTVTower.jpg in Resources */,
			);
			runOnlyForDeploymentPostprocessing = 0;
		};
		C03284F719FF2DF300ECBF9C /* Resources */ = {
			isa = PBXResourcesBuildPhase;
			buildActionMask = 2147483647;
			files = (
			);
			runOnlyForDeploymentPostprocessing = 0;
		};
/* End PBXResourcesBuildPhase section */

/* Begin PBXSourcesBuildPhase section */
		C03284E019FF2DF300ECBF9C /* Sources */ = {
			isa = PBXSourcesBuildPhase;
			buildActionMask = 2147483647;
			files = (
				C03284EC19FF2DF300ECBF9C /* ViewController.swift in Sources */,
				C032850A19FF2F7F00ECBF9C /* Balloon.swift in Sources */,
				C03284EA19FF2DF300ECBF9C /* AppDelegate.swift in Sources */,
			);
			runOnlyForDeploymentPostprocessing = 0;
		};
		C03284F519FF2DF300ECBF9C /* Sources */ = {
			isa = PBXSourcesBuildPhase;
			buildActionMask = 2147483647;
			files = (
				C032850019FF2DF300ECBF9C /* _9RedBalloonsTests.swift in Sources */,
			);
			runOnlyForDeploymentPostprocessing = 0;
		};
/* End PBXSourcesBuildPhase section */

/* Begin PBXTargetDependency section */
		C03284FB19FF2DF300ECBF9C /* PBXTargetDependency */ = {
			isa = PBXTargetDependency;
			target = C03284E319FF2DF300ECBF9C /* 99RedBalloons */;
			targetProxy = C03284FA19FF2DF300ECBF9C /* PBXContainerItemProxy */;
		};
/* End PBXTargetDependency section */

/* Begin PBXVariantGroup section */
		C03284ED19FF2DF300ECBF9C /* Main.storyboard */ = {
			isa = PBXVariantGroup;
			children = (
				C03284EE19FF2DF300ECBF9C /* Base */,
			);
			name = Main.storyboard;
			sourceTree = "<group>";
		};
		C03284F219FF2DF300ECBF9C /* LaunchScreen.xib */ = {
			isa = PBXVariantGroup;
			children = (
				C03284F319FF2DF300ECBF9C /* Base */,
			);
			name = LaunchScreen.xib;
			sourceTree = "<group>";
		};
/* End PBXVariantGroup section */

/* Begin XCBuildConfiguration section */
		C032850119FF2DF300ECBF9C /* Debug */ = {
			isa = XCBuildConfiguration;
			buildSettings = {
				ALWAYS_SEARCH_USER_PATHS = NO;
				CLANG_CXX_LANGUAGE_STANDARD = "gnu++0x";
				CLANG_CXX_LIBRARY = "libc++";
				CLANG_ENABLE_MODULES = YES;
				CLANG_ENABLE_OBJC_ARC = YES;
				CLANG_WARN_BOOL_CONVERSION = YES;
				CLANG_WARN_CONSTANT_CONVERSION = YES;
				CLANG_WARN_DIRECT_OBJC_ISA_USAGE = YES_ERROR;
				CLANG_WARN_EMPTY_BODY = YES;
				CLANG_WARN_ENUM_CONVERSION = YES;
				CLANG_WARN_INT_CONVERSION = YES;
				CLANG_WARN_OBJC_ROOT_CLASS = YES_ERROR;
				CLANG_WARN_UNREACHABLE_CODE = YES;
				CLANG_WARN__DUPLICATE_METHOD_MATCH = YES;
				"CODE_SIGN_IDENTITY[sdk=iphoneos*]" = "iPhone Developer";
				COPY_PHASE_STRIP = NO;
				ENABLE_STRICT_OBJC_MSGSEND = YES;
				GCC_C_LANGUAGE_STANDARD = gnu99;
				GCC_DYNAMIC_NO_PIC = NO;
				GCC_OPTIMIZATION_LEVEL = 0;
				GCC_PREPROCESSOR_DEFINITIONS = (
					"DEBUG=1",
					"$(inherited)",
				);
				GCC_SYMBOLS_PRIVATE_EXTERN = NO;
				GCC_WARN_64_TO_32_BIT_CONVERSION = YES;
				GCC_WARN_ABOUT_RETURN_TYPE = YES_ERROR;
				GCC_WARN_UNDECLARED_SELECTOR = YES;
				GCC_WARN_UNINITIALIZED_AUTOS = YES_AGGRESSIVE;
				GCC_WARN_UNUSED_FUNCTION = YES;
				GCC_WARN_UNUSED_VARIABLE = YES;
				IPHONEOS_DEPLOYMENT_TARGET = 8.0;
				MTL_ENABLE_DEBUG_INFO = YES;
				ONLY_ACTIVE_ARCH = YES;
				SDKROOT = iphoneos;
				SWIFT_OPTIMIZATION_LEVEL = "-Onone";
				TARGETED_DEVICE_FAMILY = "1,2";
			};
			name = Debug;
		};
		C032850219FF2DF300ECBF9C /* Release */ = {
			isa = XCBuildConfiguration;
			buildSettings = {
				ALWAYS_SEARCH_USER_PATHS = NO;
				CLANG_CXX_LANGUAGE_STANDARD = "gnu++0x";
				CLANG_CXX_LIBRARY = "libc++";
				CLANG_ENABLE_MODULES = YES;
				CLANG_ENABLE_OBJC_ARC = YES;
				CLANG_WARN_BOOL_CONVERSION = YES;
				CLANG_WARN_CONSTANT_CONVERSION = YES;
				CLANG_WARN_DIRECT_OBJC_ISA_USAGE = YES_ERROR;
				CLANG_WARN_EMPTY_BODY = YES;
				CLANG_WARN_ENUM_CONVERSION = YES;
				CLANG_WARN_INT_CONVERSION = YES;
				CLANG_WARN_OBJC_ROOT_CLASS = YES_ERROR;
				CLANG_WARN_UNREACHABLE_CODE = YES;
				CLANG_WARN__DUPLICATE_METHOD_MATCH = YES;
				"CODE_SIGN_IDENTITY[sdk=iphoneos*]" = "iPhone Developer";
				COPY_PHASE_STRIP = YES;
				ENABLE_NS_ASSERTIONS = NO;
				ENABLE_STRICT_OBJC_MSGSEND = YES;
				GCC_C_LANGUAGE_STANDARD = gnu99;
				GCC_WARN_64_TO_32_BIT_CONVERSION = YES;
				GCC_WARN_ABOUT_RETURN_TYPE = YES_ERROR;
				GCC_WARN_UNDECLARED_SELECTOR = YES;
				GCC_WARN_UNINITIALIZED_AUTOS = YES_AGGRESSIVE;
				GCC_WARN_UNUSED_FUNCTION = YES;
				GCC_WARN_UNUSED_VARIABLE = YES;
				IPHONEOS_DEPLOYMENT_TARGET = 8.0;
				MTL_ENABLE_DEBUG_INFO = NO;
				SDKROOT = iphoneos;
				TARGETED_DEVICE_FAMILY = "1,2";
				VALIDATE_PRODUCT = YES;
			};
			name = Release;
		};
		C032850419FF2DF300ECBF9C /* Debug */ = {
			isa = XCBuildConfiguration;
			buildSettings = {
				ASSETCATALOG_COMPILER_APPICON_NAME = AppIcon;
				INFOPLIST_FILE = 99RedBalloons/Info.plist;
				LD_RUNPATH_SEARCH_PATHS = "$(inherited) @executable_path/Frameworks";
				PRODUCT_NAME = "$(TARGET_NAME)";
			};
			name = Debug;
		};
		C032850519FF2DF300ECBF9C /* Release */ = {
			isa = XCBuildConfiguration;
			buildSettings = {
				ASSETCATALOG_COMPILER_APPICON_NAME = AppIcon;
				INFOPLIST_FILE = 99RedBalloons/Info.plist;
				LD_RUNPATH_SEARCH_PATHS = "$(inherited) @executable_path/Frameworks";
				PRODUCT_NAME = "$(TARGET_NAME)";
			};
			name = Release;
		};
		C032850719FF2DF300ECBF9C /* Debug */ = {
			isa = XCBuildConfiguration;
			buildSettings = {
				BUNDLE_LOADER = "$(TEST_HOST)";
				FRAMEWORK_SEARCH_PATHS = (
					"$(SDKROOT)/Developer/Library/Frameworks",
					"$(inherited)",
				);
				GCC_PREPROCESSOR_DEFINITIONS = (
					"DEBUG=1",
					"$(inherited)",
				);
				INFOPLIST_FILE = 99RedBalloonsTests/Info.plist;
				LD_RUNPATH_SEARCH_PATHS = "$(inherited) @executable_path/Frameworks @loader_path/Frameworks";
				PRODUCT_NAME = "$(TARGET_NAME)";
				TEST_HOST = "$(BUILT_PRODUCTS_DIR)/99RedBalloons.app/99RedBalloons";
			};
			name = Debug;
		};
		C032850819FF2DF300ECBF9C /* Release */ = {
			isa = XCBuildConfiguration;
			buildSettings = {
				BUNDLE_LOADER = "$(TEST_HOST)";
				FRAMEWORK_SEARCH_PATHS = (
					"$(SDKROOT)/Developer/Library/Frameworks",
					"$(inherited)",
				);
				INFOPLIST_FILE = 99RedBalloonsTests/Info.plist;
				LD_RUNPATH_SEARCH_PATHS = "$(inherited) @executable_path/Frameworks @loader_path/Frameworks";
				PRODUCT_NAME = "$(TARGET_NAME)";
				TEST_HOST = "$(BUILT_PRODUCTS_DIR)/99RedBalloons.app/99RedBalloons";
			};
			name = Release;
		};
/* End XCBuildConfiguration section */

/* Begin XCConfigurationList section */
		C03284DF19FF2DF300ECBF9C /* Build configuration list for PBXProject "99RedBalloons" */ = {
			isa = XCConfigurationList;
			buildConfigurations = (
				C032850119FF2DF300ECBF9C /* Debug */,
				C032850219FF2DF300ECBF9C /* Release */,
			);
			defaultConfigurationIsVisible = 0;
			defaultConfigurationName = Release;
		};
		C032850319FF2DF300ECBF9C /* Build configuration list for PBXNativeTarget "99RedBalloons" */ = {
			isa = XCConfigurationList;
			buildConfigurations = (
				C032850419FF2DF300ECBF9C /* Debug */,
				C032850519FF2DF300ECBF9C /* Release */,
			);
			defaultConfigurationIsVisible = 0;
		};
		C032850619FF2DF300ECBF9C /* Build configuration list for PBXNativeTarget "99RedBalloonsTests" */ = {
			isa = XCConfigurationList;
			buildConfigurations = (
				C032850719FF2DF300ECBF9C /* Debug */,
				C032850819FF2DF300ECBF9C /* Release */,
			);
			defaultConfigurationIsVisible = 0;
		};
/* End XCConfigurationList section */
	};
	rootObject = C03284DC19FF2DF300ECBF9C /* Project object */;
}
